
Microsoft Visual Studio Solution File, Format Version 12.00
# Visual Studio Version 17
VisualStudioVersion = 17.11.35431.28
MinimumVisualStudioVersion = 10.0.40219.1
Project("{FAE04EC0-301F-11D3-BF4B-00C04F79EFBC}") = "Task 8", "Task 8.csproj", "{8700A345-BE02-4E2F-A540-26D82525F5FD}"
EndProject
Global
	GlobalSection(SolutionConfigurationPlatforms) = preSolution
		Debug|Any CPU = Debug|Any CPU
		Release|Any CPU = Release|Any CPU
	EndGlobalSection
	GlobalSection(ProjectConfigurationPlatforms) = postSolution
		{8700A345-BE02-4E2F-A540-26D82525F5FD}.Debug|Any CPU.ActiveCfg = Debug|Any CPU
		{8700A345-BE02-4E2F-A540-26D82525F5FD}.Debug|Any CPU.Build.0 = Debug|Any CPU
		{8700A345-BE02-4E2F-A540-26D82525F5FD}.Release|Any CPU.ActiveCfg = Release|Any CPU
		{8700A345-BE02-4E2F-A540-26D82525F5FD}.Release|Any CPU.Build.0 = Release|Any CPU
	EndGlobalSection
	GlobalSection(SolutionProperties) = preSolution
		HideSolutionNode = FALSE
	EndGlobalSection
	GlobalSection(ExtensibilityGlobals) = postSolution
		SolutionGuid = {0FE859A7-5C68-4667-BE06-81539D849558}
	EndGlobalSection
EndGlobal
